
Microsoft Visual Studio Solution File, Format Version 12.00
# Visual Studio 2013
VisualStudioVersion = 12.0.30501.0
MinimumVisualStudioVersion = 10.0.40219.1
Project("{8BC9CEB8-8B4A-11D0-8D11-00A0C91BC942}") = "A1", "A1\A1.vcxproj", "{39977734-968A-4F6F-A0A7-B75C9371F3BB}"
EndProject
Project("{8BC9CEB8-8B4A-11D0-8D11-00A0C91BC942}") = "A2", "A2\A2.vcxproj", "{3C2128F8-BD2D-4289-B035-8C0D04F99109}"
EndProject
Project("{8BC9CEB8-8B4A-11D0-8D11-00A0C91BC942}") = "A3", "A3\A3.vcxproj", "{2B7FC4BC-021C-4427-83B3-CC3486A158CA}"
EndProject
Global
	GlobalSection(SolutionConfigurationPlatforms) = preSolution
		Debug|Win32 = Debug|Win32
		Release|Win32 = Release|Win32
	EndGlobalSection
	GlobalSection(ProjectConfigurationPlatforms) = postSolution
		{39977734-968A-4F6F-A0A7-B75C9371F3BB}.Debug|Win32.ActiveCfg = Debug|Win32
		{39977734-968A-4F6F-A0A7-B75C9371F3BB}.Debug|Win32.Build.0 = Debug|Win32
		{39977734-968A-4F6F-A0A7-B75C9371F3BB}.Release|Win32.ActiveCfg = Release|Win32
		{39977734-968A-4F6F-A0A7-B75C9371F3BB}.Release|Win32.Build.0 = Release|Win32
		{3C2128F8-BD2D-4289-B035-8C0D04F99109}.Debug|Win32.ActiveCfg = Debug|Win32
		{3C2128F8-BD2D-4289-B035-8C0D04F99109}.Debug|Win32.Build.0 = Debug|Win32
		{3C2128F8-BD2D-4289-B035-8C0D04F99109}.Release|Win32.ActiveCfg = Release|Win32
		{3C2128F8-BD2D-4289-B035-8C0D04F99109}.Release|Win32.Build.0 = Release|Win32
		{2B7FC4BC-021C-4427-83B3-CC3486A158CA}.Debug|Win32.ActiveCfg = Debug|Win32
		{2B7FC4BC-021C-4427-83B3-CC3486A158CA}.Debug|Win32.Build.0 = Debug|Win32
		{2B7FC4BC-021C-4427-83B3-CC3486A158CA}.Release|Win32.ActiveCfg = Release|Win32
		{2B7FC4BC-021C-4427-83B3-CC3486A158CA}.Release|Win32.Build.0 = Release|Win32
	EndGlobalSection
	GlobalSection(SolutionProperties) = preSolution
		HideSolutionNode = FALSE
	EndGlobalSection
EndGlobal
